
Microsoft Visual Studio Solution File, Format Version 12.00
# Visual Studio Version 17
VisualStudioVersion = 17.6.33815.320
MinimumVisualStudioVersion = 10.0.40219.1
Project("{9A19103F-16F7-4668-BE54-9A1E7A4F7556}") = "SmartHomeWin", "SmartHomeWin\SmartHomeWin.csproj", "{47454B0D-C621-4F9A-B660-5A7D34D16C64}"
EndProject
Project("{9A19103F-16F7-4668-BE54-9A1E7A4F7556}") = "TuyaApi", "TuyaApi-DLL\TuyaApi\TuyaApi.csproj", "{05CAB335-C32D-4E94-B9C0-05D59A9F870E}"
EndProject
Global
	GlobalSection(SolutionConfigurationPlatforms) = preSolution
		Debug|Any CPU = Debug|Any CPU
		Release|Any CPU = Release|Any CPU
	EndGlobalSection
	GlobalSection(ProjectConfigurationPlatforms) = postSolution
		{47454B0D-C621-4F9A-B660-5A7D34D16C64}.Debug|Any CPU.ActiveCfg = Debug|Any CPU
		{47454B0D-C621-4F9A-B660-5A7D34D16C64}.Debug|Any CPU.Build.0 = Debug|Any CPU
		{47454B0D-C621-4F9A-B660-5A7D34D16C64}.Release|Any CPU.ActiveCfg = Release|Any CPU
		{47454B0D-C621-4F9A-B660-5A7D34D16C64}.Release|Any CPU.Build.0 = Release|Any CPU
		{05CAB335-C32D-4E94-B9C0-05D59A9F870E}.Debug|Any CPU.ActiveCfg = Debug|Any CPU
		{05CAB335-C32D-4E94-B9C0-05D59A9F870E}.Debug|Any CPU.Build.0 = Debug|Any CPU
		{05CAB335-C32D-4E94-B9C0-05D59A9F870E}.Release|Any CPU.ActiveCfg = Release|Any CPU
		{05CAB335-C32D-4E94-B9C0-05D59A9F870E}.Release|Any CPU.Build.0 = Release|Any CPU
	EndGlobalSection
	GlobalSection(SolutionProperties) = preSolution
		HideSolutionNode = FALSE
	EndGlobalSection
	GlobalSection(ExtensibilityGlobals) = postSolution
		SolutionGuid = {7072EEBE-C72D-4FD5-AAFC-A2F50AE4EE52}
	EndGlobalSection
EndGlobal
